
Microsoft Visual Studio Solution File, Format Version 12.00
# Visual Studio Version 17
VisualStudioVersion = 17.14.36121.58 d17.14
MinimumVisualStudioVersion = 10.0.40219.1
Project("{FAE04EC0-301F-11D3-BF4B-00C04F79EFBC}") = "Lab01LamdaAndDelegates", "Lab01LamdaAndDelegates\Lab01LamdaAndDelegates.csproj", "{AC59D8B7-2CB4-4034-B7FD-4664E1EFF87B}"
EndProject
Global
	GlobalSection(SolutionConfigurationPlatforms) = preSolution
		Debug|Any CPU = Debug|Any CPU
		Release|Any CPU = Release|Any CPU
	EndGlobalSection
	GlobalSection(ProjectConfigurationPlatforms) = postSolution
		{AC59D8B7-2CB4-4034-B7FD-4664E1EFF87B}.Debug|Any CPU.ActiveCfg = Debug|Any CPU
		{AC59D8B7-2CB4-4034-B7FD-4664E1EFF87B}.Debug|Any CPU.Build.0 = Debug|Any CPU
		{AC59D8B7-2CB4-4034-B7FD-4664E1EFF87B}.Release|Any CPU.ActiveCfg = Release|Any CPU
		{AC59D8B7-2CB4-4034-B7FD-4664E1EFF87B}.Release|Any CPU.Build.0 = Release|Any CPU
	EndGlobalSection
	GlobalSection(SolutionProperties) = preSolution
		HideSolutionNode = FALSE
	EndGlobalSection
	GlobalSection(ExtensibilityGlobals) = postSolution
		SolutionGuid = {E0B650E3-67F3-4765-B5F0-DD2B6D902331}
	EndGlobalSection
EndGlobal
