
Microsoft Visual Studio Solution File, Format Version 12.00
# Visual Studio Version 17
VisualStudioVersion = 17.14.36121.58 d17.14
MinimumVisualStudioVersion = 10.0.40219.1
Project("{FAE04EC0-301F-11D3-BF4B-00C04F79EFBC}") = "AsyncProgrammingApp", "AsyncProgrammingApp\AsyncProgrammingApp.csproj", "{EA56E7E0-98E8-4CB3-B214-34503397F3EE}"
EndProject
Global
	GlobalSection(SolutionConfigurationPlatforms) = preSolution
		Debug|Any CPU = Debug|Any CPU
		Release|Any CPU = Release|Any CPU
	EndGlobalSection
	GlobalSection(ProjectConfigurationPlatforms) = postSolution
		{EA56E7E0-98E8-4CB3-B214-34503397F3EE}.Debug|Any CPU.ActiveCfg = Debug|Any CPU
		{EA56E7E0-98E8-4CB3-B214-34503397F3EE}.Debug|Any CPU.Build.0 = Debug|Any CPU
		{EA56E7E0-98E8-4CB3-B214-34503397F3EE}.Release|Any CPU.ActiveCfg = Release|Any CPU
		{EA56E7E0-98E8-4CB3-B214-34503397F3EE}.Release|Any CPU.Build.0 = Release|Any CPU
	EndGlobalSection
	GlobalSection(SolutionProperties) = preSolution
		HideSolutionNode = FALSE
	EndGlobalSection
	GlobalSection(ExtensibilityGlobals) = postSolution
		SolutionGuid = {1F6155BD-C410-4300-B8D3-2CF32465C0A3}
	EndGlobalSection
EndGlobal
