
Microsoft Visual Studio Solution File, Format Version 12.00
# Visual Studio Version 17
VisualStudioVersion = 17.14.36121.58 d17.14
MinimumVisualStudioVersion = 10.0.40219.1
Project("{FAE04EC0-301F-11D3-BF4B-00C04F79EFBC}") = "Lab04StringImmutable", "Lab04StringImmutable\Lab04StringImmutable.csproj", "{8170B1A0-F25E-487E-80B5-6823B1A977E7}"
EndProject
Global
	GlobalSection(SolutionConfigurationPlatforms) = preSolution
		Debug|Any CPU = Debug|Any CPU
		Release|Any CPU = Release|Any CPU
	EndGlobalSection
	GlobalSection(ProjectConfigurationPlatforms) = postSolution
		{8170B1A0-F25E-487E-80B5-6823B1A977E7}.Debug|Any CPU.ActiveCfg = Debug|Any CPU
		{8170B1A0-F25E-487E-80B5-6823B1A977E7}.Debug|Any CPU.Build.0 = Debug|Any CPU
		{8170B1A0-F25E-487E-80B5-6823B1A977E7}.Release|Any CPU.ActiveCfg = Release|Any CPU
		{8170B1A0-F25E-487E-80B5-6823B1A977E7}.Release|Any CPU.Build.0 = Release|Any CPU
	EndGlobalSection
	GlobalSection(SolutionProperties) = preSolution
		HideSolutionNode = FALSE
	EndGlobalSection
	GlobalSection(ExtensibilityGlobals) = postSolution
		SolutionGuid = {D98665FE-E821-4D32-99EC-AD5406E42488}
	EndGlobalSection
EndGlobal
