
Microsoft Visual Studio Solution File, Format Version 12.00
# Visual Studio Version 17
VisualStudioVersion = 17.14.36121.58 d17.14
MinimumVisualStudioVersion = 10.0.40219.1
Project("{FAE04EC0-301F-11D3-BF4B-00C04F79EFBC}") = "Lab02RectnagleAbstraction", "Lab02RectnagleAbstraction\Lab02RectnagleAbstraction.csproj", "{B001EBF4-7ABC-4CB4-956E-BC8DB5A49963}"
EndProject
Global
	GlobalSection(SolutionConfigurationPlatforms) = preSolution
		Debug|Any CPU = Debug|Any CPU
		Release|Any CPU = Release|Any CPU
	EndGlobalSection
	GlobalSection(ProjectConfigurationPlatforms) = postSolution
		{B001EBF4-7ABC-4CB4-956E-BC8DB5A49963}.Debug|Any CPU.ActiveCfg = Debug|Any CPU
		{B001EBF4-7ABC-4CB4-956E-BC8DB5A49963}.Debug|Any CPU.Build.0 = Debug|Any CPU
		{B001EBF4-7ABC-4CB4-956E-BC8DB5A49963}.Release|Any CPU.ActiveCfg = Release|Any CPU
		{B001EBF4-7ABC-4CB4-956E-BC8DB5A49963}.Release|Any CPU.Build.0 = Release|Any CPU
	EndGlobalSection
	GlobalSection(SolutionProperties) = preSolution
		HideSolutionNode = FALSE
	EndGlobalSection
	GlobalSection(ExtensibilityGlobals) = postSolution
		SolutionGuid = {D04D0F70-1FEC-4E18-A4B8-071A0216CDC7}
	EndGlobalSection
EndGlobal
