
Microsoft Visual Studio Solution File, Format Version 12.00
# Visual Studio Version 17
VisualStudioVersion = 17.14.36121.58 d17.14
MinimumVisualStudioVersion = 10.0.40219.1
Project("{FAE04EC0-301F-11D3-BF4B-00C04F79EFBC}") = "WelcomeWebAPI", "WelcomeWebAPI\WelcomeWebAPI.csproj", "{73A1BF1E-CA19-43CF-A9BC-5DC562DEDC9A}"
EndProject
Global
	GlobalSection(SolutionConfigurationPlatforms) = preSolution
		Debug|Any CPU = Debug|Any CPU
		Release|Any CPU = Release|Any CPU
	EndGlobalSection
	GlobalSection(ProjectConfigurationPlatforms) = postSolution
		{73A1BF1E-CA19-43CF-A9BC-5DC562DEDC9A}.Debug|Any CPU.ActiveCfg = Debug|Any CPU
		{73A1BF1E-CA19-43CF-A9BC-5DC562DEDC9A}.Debug|Any CPU.Build.0 = Debug|Any CPU
		{73A1BF1E-CA19-43CF-A9BC-5DC562DEDC9A}.Release|Any CPU.ActiveCfg = Release|Any CPU
		{73A1BF1E-CA19-43CF-A9BC-5DC562DEDC9A}.Release|Any CPU.Build.0 = Release|Any CPU
	EndGlobalSection
	GlobalSection(SolutionProperties) = preSolution
		HideSolutionNode = FALSE
	EndGlobalSection
	GlobalSection(ExtensibilityGlobals) = postSolution
		SolutionGuid = {7A6A59B7-3360-4FBE-9C2C-BD760E712DAF}
	EndGlobalSection
EndGlobal
