
Microsoft Visual Studio Solution File, Format Version 12.00
# Visual Studio Version 17
VisualStudioVersion = 17.14.36121.58 d17.14
MinimumVisualStudioVersion = 10.0.40219.1
Project("{FAE04EC0-301F-11D3-BF4B-00C04F79EFBC}") = "Lab03MathDelegate", "Lab03MathDelegate\Lab03MathDelegate.csproj", "{904AAE20-1698-4775-8768-BAD05C02D513}"
EndProject
Global
	GlobalSection(SolutionConfigurationPlatforms) = preSolution
		Debug|Any CPU = Debug|Any CPU
		Release|Any CPU = Release|Any CPU
	EndGlobalSection
	GlobalSection(ProjectConfigurationPlatforms) = postSolution
		{904AAE20-1698-4775-8768-BAD05C02D513}.Debug|Any CPU.ActiveCfg = Debug|Any CPU
		{904AAE20-1698-4775-8768-BAD05C02D513}.Debug|Any CPU.Build.0 = Debug|Any CPU
		{904AAE20-1698-4775-8768-BAD05C02D513}.Release|Any CPU.ActiveCfg = Release|Any CPU
		{904AAE20-1698-4775-8768-BAD05C02D513}.Release|Any CPU.Build.0 = Release|Any CPU
	EndGlobalSection
	GlobalSection(SolutionProperties) = preSolution
		HideSolutionNode = FALSE
	EndGlobalSection
	GlobalSection(ExtensibilityGlobals) = postSolution
		SolutionGuid = {611D63D8-90F4-42DA-B17B-2A9EFC1161DC}
	EndGlobalSection
EndGlobal
